
Microsoft Visual Studio Solution File, Format Version 12.00
# Visual Studio Version 17
VisualStudioVersion = 17.14.36414.22 d17.14
MinimumVisualStudioVersion = 10.0.40219.1
Project("{FAE04EC0-301F-11D3-BF4B-00C04F79EFBC}") = "GlossaryShop", "GlossaryShop\GlossaryShop.csproj", "{15738331-E2AA-429F-9B90-E6C2F669B01C}"
EndProject
Global
	GlobalSection(SolutionConfigurationPlatforms) = preSolution
		Debug|Any CPU = Debug|Any CPU
		Release|Any CPU = Release|Any CPU
	EndGlobalSection
	GlobalSection(ProjectConfigurationPlatforms) = postSolution
		{15738331-E2AA-429F-9B90-E6C2F669B01C}.Debug|Any CPU.ActiveCfg = Debug|Any CPU
		{15738331-E2AA-429F-9B90-E6C2F669B01C}.Debug|Any CPU.Build.0 = Debug|Any CPU
		{15738331-E2AA-429F-9B90-E6C2F669B01C}.Release|Any CPU.ActiveCfg = Release|Any CPU
		{15738331-E2AA-429F-9B90-E6C2F669B01C}.Release|Any CPU.Build.0 = Release|Any CPU
	EndGlobalSection
	GlobalSection(SolutionProperties) = preSolution
		HideSolutionNode = FALSE
	EndGlobalSection
	GlobalSection(ExtensibilityGlobals) = postSolution
		SolutionGuid = {59673374-CC0A-40CA-B30B-049160313537}
	EndGlobalSection
EndGlobal
